
Microsoft Visual Studio Solution File, Format Version 12.00
# Visual Studio Version 17
VisualStudioVersion = 17.14.36310.24
MinimumVisualStudioVersion = 10.0.40219.1
Project("{FAE04EC0-301F-11D3-BF4B-00C04F79EFBC}") = "FTM.API", "FTM.API\FTM.API.csproj", "{F5A53DCF-6E0E-4EA2-8E8B-5388594E714C}"
EndProject
Project("{2150E333-8FDC-42A3-9474-1A3956D46DE8}") = "Solution Items", "Solution Items", "{8EC462FD-D22E-90A8-E5CE-7E832BA40C5D}"
	ProjectSection(SolutionItems) = preProject
		Directory.Packages.props = Directory.Packages.props
	EndProjectSection
EndProject
Project("{FAE04EC0-301F-11D3-BF4B-00C04F79EFBC}") = "FTM.Domain", "FTM.Domain\FTM.Domain.csproj", "{279ADE03-912F-40DC-B942-F160B0EB6872}"
EndProject
Project("{FAE04EC0-301F-11D3-BF4B-00C04F79EFBC}") = "FTM.Application", "FTM.Application\FTM.Application.csproj", "{275A31E4-7900-47EC-9C92-114E894630A9}"
EndProject
Project("{FAE04EC0-301F-11D3-BF4B-00C04F79EFBC}") = "FTM.Infrastructure", "FTM.Infrastructure\FTM.Infrastructure.csproj", "{AE22501D-308C-473D-9629-2A31C9BB0FAF}"
EndProject
Project("{FAE04EC0-301F-11D3-BF4B-00C04F79EFBC}") = "FTM.Tests", "FTM.Tests\FTM.Tests.csproj", "{74B550A1-FAC8-4448-99E8-3DC73FED48FB}"
EndProject
Global
	GlobalSection(SolutionConfigurationPlatforms) = preSolution
		Debug|Any CPU = Debug|Any CPU
		Debug|x64 = Debug|x64
		Debug|x86 = Debug|x86
		Release|Any CPU = Release|Any CPU
		Release|x64 = Release|x64
		Release|x86 = Release|x86
	EndGlobalSection
	GlobalSection(ProjectConfigurationPlatforms) = postSolution
		{F5A53DCF-6E0E-4EA2-8E8B-5388594E714C}.Debug|Any CPU.ActiveCfg = Debug|Any CPU
		{F5A53DCF-6E0E-4EA2-8E8B-5388594E714C}.Debug|Any CPU.Build.0 = Debug|Any CPU
		{F5A53DCF-6E0E-4EA2-8E8B-5388594E714C}.Debug|x64.ActiveCfg = Debug|Any CPU
		{F5A53DCF-6E0E-4EA2-8E8B-5388594E714C}.Debug|x64.Build.0 = Debug|Any CPU
		{F5A53DCF-6E0E-4EA2-8E8B-5388594E714C}.Debug|x86.ActiveCfg = Debug|Any CPU
		{F5A53DCF-6E0E-4EA2-8E8B-5388594E714C}.Debug|x86.Build.0 = Debug|Any CPU
		{F5A53DCF-6E0E-4EA2-8E8B-5388594E714C}.Release|Any CPU.ActiveCfg = Release|Any CPU
		{F5A53DCF-6E0E-4EA2-8E8B-5388594E714C}.Release|Any CPU.Build.0 = Release|Any CPU
		{F5A53DCF-6E0E-4EA2-8E8B-5388594E714C}.Release|x64.ActiveCfg = Release|Any CPU
		{F5A53DCF-6E0E-4EA2-8E8B-5388594E714C}.Release|x64.Build.0 = Release|Any CPU
		{F5A53DCF-6E0E-4EA2-8E8B-5388594E714C}.Release|x86.ActiveCfg = Release|Any CPU
		{F5A53DCF-6E0E-4EA2-8E8B-5388594E714C}.Release|x86.Build.0 = Release|Any CPU
		{279ADE03-912F-40DC-B942-F160B0EB6872}.Debug|Any CPU.ActiveCfg = Debug|Any CPU
		{279ADE03-912F-40DC-B942-F160B0EB6872}.Debug|Any CPU.Build.0 = Debug|Any CPU
		{279ADE03-912F-40DC-B942-F160B0EB6872}.Debug|x64.ActiveCfg = Debug|Any CPU
		{279ADE03-912F-40DC-B942-F160B0EB6872}.Debug|x64.Build.0 = Debug|Any CPU
		{279ADE03-912F-40DC-B942-F160B0EB6872}.Debug|x86.ActiveCfg = Debug|Any CPU
		{279ADE03-912F-40DC-B942-F160B0EB6872}.Debug|x86.Build.0 = Debug|Any CPU
		{279ADE03-912F-40DC-B942-F160B0EB6872}.Release|Any CPU.ActiveCfg = Release|Any CPU
		{279ADE03-912F-40DC-B942-F160B0EB6872}.Release|Any CPU.Build.0 = Release|Any CPU
		{279ADE03-912F-40DC-B942-F160B0EB6872}.Release|x64.ActiveCfg = Release|Any CPU
		{279ADE03-912F-40DC-B942-F160B0EB6872}.Release|x64.Build.0 = Release|Any CPU
		{279ADE03-912F-40DC-B942-F160B0EB6872}.Release|x86.ActiveCfg = Release|Any CPU
		{279ADE03-912F-40DC-B942-F160B0EB6872}.Release|x86.Build.0 = Release|Any CPU
		{275A31E4-7900-47EC-9C92-114E894630A9}.Debug|Any CPU.ActiveCfg = Debug|Any CPU
		{275A31E4-7900-47EC-9C92-114E894630A9}.Debug|Any CPU.Build.0 = Debug|Any CPU
		{275A31E4-7900-47EC-9C92-114E894630A9}.Debug|x64.ActiveCfg = Debug|Any CPU
		{275A31E4-7900-47EC-9C92-114E894630A9}.Debug|x64.Build.0 = Debug|Any CPU
		{275A31E4-7900-47EC-9C92-114E894630A9}.Debug|x86.ActiveCfg = Debug|Any CPU
		{275A31E4-7900-47EC-9C92-114E894630A9}.Debug|x86.Build.0 = Debug|Any CPU
		{275A31E4-7900-47EC-9C92-114E894630A9}.Release|Any CPU.ActiveCfg = Release|Any CPU
		{275A31E4-7900-47EC-9C92-114E894630A9}.Release|Any CPU.Build.0 = Release|Any CPU
		{275A31E4-7900-47EC-9C92-114E894630A9}.Release|x64.ActiveCfg = Release|Any CPU
		{275A31E4-7900-47EC-9C92-114E894630A9}.Release|x64.Build.0 = Release|Any CPU
		{275A31E4-7900-47EC-9C92-114E894630A9}.Release|x86.ActiveCfg = Release|Any CPU
		{275A31E4-7900-47EC-9C92-114E894630A9}.Release|x86.Build.0 = Release|Any CPU
		{AE22501D-308C-473D-9629-2A31C9BB0FAF}.Debug|Any CPU.ActiveCfg = Debug|Any CPU
		{AE22501D-308C-473D-9629-2A31C9BB0FAF}.Debug|Any CPU.Build.0 = Debug|Any CPU
		{AE22501D-308C-473D-9629-2A31C9BB0FAF}.Debug|x64.ActiveCfg = Debug|Any CPU
		{AE22501D-308C-473D-9629-2A31C9BB0FAF}.Debug|x64.Build.0 = Debug|Any CPU
		{AE22501D-308C-473D-9629-2A31C9BB0FAF}.Debug|x86.ActiveCfg = Debug|Any CPU
		{AE22501D-308C-473D-9629-2A31C9BB0FAF}.Debug|x86.Build.0 = Debug|Any CPU
		{AE22501D-308C-473D-9629-2A31C9BB0FAF}.Release|Any CPU.ActiveCfg = Release|Any CPU
		{AE22501D-308C-473D-9629-2A31C9BB0FAF}.Release|Any CPU.Build.0 = Release|Any CPU
		{AE22501D-308C-473D-9629-2A31C9BB0FAF}.Release|x64.ActiveCfg = Release|Any CPU
		{AE22501D-308C-473D-9629-2A31C9BB0FAF}.Release|x64.Build.0 = Release|Any CPU
		{AE22501D-308C-473D-9629-2A31C9BB0FAF}.Release|x86.ActiveCfg = Release|Any CPU
		{AE22501D-308C-473D-9629-2A31C9BB0FAF}.Release|x86.Build.0 = Release|Any CPU
		{74B550A1-FAC8-4448-99E8-3DC73FED48FB}.Debug|Any CPU.ActiveCfg = Debug|Any CPU
		{74B550A1-FAC8-4448-99E8-3DC73FED48FB}.Debug|Any CPU.Build.0 = Debug|Any CPU
		{74B550A1-FAC8-4448-99E8-3DC73FED48FB}.Debug|x64.ActiveCfg = Debug|Any CPU
		{74B550A1-FAC8-4448-99E8-3DC73FED48FB}.Debug|x64.Build.0 = Debug|Any CPU
		{74B550A1-FAC8-4448-99E8-3DC73FED48FB}.Debug|x86.ActiveCfg = Debug|Any CPU
		{74B550A1-FAC8-4448-99E8-3DC73FED48FB}.Debug|x86.Build.0 = Debug|Any CPU
		{74B550A1-FAC8-4448-99E8-3DC73FED48FB}.Release|Any CPU.ActiveCfg = Release|Any CPU
		{74B550A1-FAC8-4448-99E8-3DC73FED48FB}.Release|Any CPU.Build.0 = Release|Any CPU
		{74B550A1-FAC8-4448-99E8-3DC73FED48FB}.Release|x64.ActiveCfg = Release|Any CPU
		{74B550A1-FAC8-4448-99E8-3DC73FED48FB}.Release|x64.Build.0 = Release|Any CPU
		{74B550A1-FAC8-4448-99E8-3DC73FED48FB}.Release|x86.ActiveCfg = Release|Any CPU
		{74B550A1-FAC8-4448-99E8-3DC73FED48FB}.Release|x86.Build.0 = Release|Any CPU
	EndGlobalSection
	GlobalSection(SolutionProperties) = preSolution
		HideSolutionNode = FALSE
	EndGlobalSection
	GlobalSection(ExtensibilityGlobals) = postSolution
		SolutionGuid = {4FDFA979-9360-4617-86DC-D7A3864FDA21}
	EndGlobalSection
EndGlobal
